
Microsoft Visual Studio Solution File, Format Version 11.00
# Visual Studio 2010
Project("{FAE04EC0-301F-11D3-BF4B-00C04F79EFBC}") = "FishNet.Runtime", "FishNet.Runtime.csproj", "{06429908-9b55-ded0-5004-19c8e1dc0bc9}"
EndProject
Project("{FAE04EC0-301F-11D3-BF4B-00C04F79EFBC}") = "com.rlabrecque.steamworks.net", "com.rlabrecque.steamworks.net.csproj", "{d9d41d0d-51ca-0d6c-b9e0-52f78cc04ca7}"
EndProject
Project("{FAE04EC0-301F-11D3-BF4B-00C04F79EFBC}") = "FishNet.Codegen.Cecil", "FishNet.Codegen.Cecil.csproj", "{879bba0b-04bc-2bff-2b82-547f019f4eea}"
EndProject
Project("{FAE04EC0-301F-11D3-BF4B-00C04F79EFBC}") = "FishNet.Demos", "FishNet.Demos.csproj", "{5339022a-66b3-138c-90ed-561e9c0817c2}"
EndProject
Project("{FAE04EC0-301F-11D3-BF4B-00C04F79EFBC}") = "Unity.FishNet.Codegen", "Unity.FishNet.Codegen.csproj", "{93d71f8f-772f-0431-3e83-3bde04955050}"
EndProject
Project("{FAE04EC0-301F-11D3-BF4B-00C04F79EFBC}") = "GameKit.Dependencies", "GameKit.Dependencies.csproj", "{1d7b0518-dffa-00b6-20c2-699e53ce6cad}"
EndProject
Project("{FAE04EC0-301F-11D3-BF4B-00C04F79EFBC}") = "com.rlabrecque.steamworks.net.editor", "com.rlabrecque.steamworks.net.editor.csproj", "{3e7d6bb6-c07c-7002-40a5-9d6f903933d9}"
EndProject
Project("{FAE04EC0-301F-11D3-BF4B-00C04F79EFBC}") = "Assembly-CSharp", "Assembly-CSharp.csproj", "{e7de8b59-a927-2d3f-8c4a-0237a49e362d}"
EndProject
Global
	GlobalSection(SolutionConfigurationPlatforms) = preSolution
		Debug|Any CPU = Debug|Any CPU
	EndGlobalSection
	GlobalSection(ProjectConfigurationPlatforms) = postSolution
		{06429908-9b55-ded0-5004-19c8e1dc0bc9}.Debug|Any CPU.ActiveCfg = Debug|Any CPU
		{06429908-9b55-ded0-5004-19c8e1dc0bc9}.Debug|Any CPU.Build.0 = Debug|Any CPU
		{d9d41d0d-51ca-0d6c-b9e0-52f78cc04ca7}.Debug|Any CPU.ActiveCfg = Debug|Any CPU
		{d9d41d0d-51ca-0d6c-b9e0-52f78cc04ca7}.Debug|Any CPU.Build.0 = Debug|Any CPU
		{879bba0b-04bc-2bff-2b82-547f019f4eea}.Debug|Any CPU.ActiveCfg = Debug|Any CPU
		{879bba0b-04bc-2bff-2b82-547f019f4eea}.Debug|Any CPU.Build.0 = Debug|Any CPU
		{5339022a-66b3-138c-90ed-561e9c0817c2}.Debug|Any CPU.ActiveCfg = Debug|Any CPU
		{5339022a-66b3-138c-90ed-561e9c0817c2}.Debug|Any CPU.Build.0 = Debug|Any CPU
		{93d71f8f-772f-0431-3e83-3bde04955050}.Debug|Any CPU.ActiveCfg = Debug|Any CPU
		{93d71f8f-772f-0431-3e83-3bde04955050}.Debug|Any CPU.Build.0 = Debug|Any CPU
		{1d7b0518-dffa-00b6-20c2-699e53ce6cad}.Debug|Any CPU.ActiveCfg = Debug|Any CPU
		{1d7b0518-dffa-00b6-20c2-699e53ce6cad}.Debug|Any CPU.Build.0 = Debug|Any CPU
		{3e7d6bb6-c07c-7002-40a5-9d6f903933d9}.Debug|Any CPU.ActiveCfg = Debug|Any CPU
		{3e7d6bb6-c07c-7002-40a5-9d6f903933d9}.Debug|Any CPU.Build.0 = Debug|Any CPU
		{e7de8b59-a927-2d3f-8c4a-0237a49e362d}.Debug|Any CPU.ActiveCfg = Debug|Any CPU
		{e7de8b59-a927-2d3f-8c4a-0237a49e362d}.Debug|Any CPU.Build.0 = Debug|Any CPU
	EndGlobalSection
	GlobalSection(SolutionProperties) = preSolution
		HideSolutionNode = FALSE
	EndGlobalSection
EndGlobal
